hash: f37f2f7be59f514a4d87c70d6a0e08998f6d419ad5549aec71aadfb3c3588b0f
updated: 2018-04-16T23:12:51.9514678-04:00
imports:
- name: github.com/c2h5oh/datasize
  version: 4eba002a5eaea69cf8d235a388fc6b65ae68d2dd
- name: github.com/urfave/cli
  version: cfb38830724cc34fedffe9a2a29fb54fa9169cd1
testImports: []
